{
    "requires": true,
    "lockfileVersion": 1,
    "dependencies": {
        "html-duration-picker": {
            "version": "2.1.2",
            "resolved": "https://registry.npmjs.org/html-duration-picker/-/html-duration-picker-2.1.2.tgz",
            "integrity": "sha512-eRPyhQodHiHGBOAnecYCrizlGmnfSpe/cQ0oHKxh4dI5tH1X08H5jZ+QhoImH5x9UB9yqLQfkstb4jYSl0+SQQ=="
        }
    }
}
